
Microsoft Visual Studio Solution File, Format Version 12.00
# Visual Studio Version 16
VisualStudioVersion = 16.0.29512.175
MinimumVisualStudioVersion = 10.0.40219.1
Project("{2150E333-8FDC-42A3-9474-1A3956D46DE8}") = "2019", "2019", "{C8FC6801-CC44-4ED9-94B9-571AABA534E7}"
EndProject
Project("{2150E333-8FDC-42A3-9474-1A3956D46DE8}") = "2018", "2018", "{F0BC4B83-E2A6-4BDF-B258-9C5A317E8B29}"
EndProject
Project("{FAE04EC0-301F-11D3-BF4B-00C04F79EFBC}") = "WatherFinder.ConsoleClient", "WatherFinder.ConsoleClient\WatherFinder.ConsoleClient.csproj", "{F09B1335-CDB6-4138-AE1D-24F97AA5956E}"
EndProject
Project("{FAE04EC0-301F-11D3-BF4B-00C04F79EFBC}") = "WeatherFinder.Models", "WeatherFinder.Models\WeatherFinder.Models.csproj", "{577579C5-223B-4AD3-A0EB-BDEB1C39A226}"
EndProject
Project("{FAE04EC0-301F-11D3-BF4B-00C04F79EFBC}") = "Utils", "Utils\Utils.csproj", "{809D5DE1-60F1-404D-8F23-909147576ECD}"
EndProject
Project("{2150E333-8FDC-42A3-9474-1A3956D46DE8}") = "_Common", "_Common", "{ED494E46-34D6-40FD-8914-04085789FD45}"
EndProject
Project("{FAE04EC0-301F-11D3-BF4B-00C04F79EFBC}") = "WeatherFinder.DB", "WeatherFinder.DB\WeatherFinder.DB.csproj", "{921483BE-D8AC-4D82-942C-5ADE1B62EC2D}"
EndProject
Project("{2150E333-8FDC-42A3-9474-1A3956D46DE8}") = "Database 1st", "Database 1st", "{8D5DED23-1EE9-4EA2-AE8B-03C88B3F1A2B}"
EndProject
Project("{2150E333-8FDC-42A3-9474-1A3956D46DE8}") = "Code 1st", "Code 1st", "{B4DEB8FF-6292-4AF2-AAC6-46E8638EBFF4}"
EndProject
Project("{FAE04EC0-301F-11D3-BF4B-00C04F79EFBC}") = "TechCorp.ConsoleClient", "TechCorp.ConsoleClient\TechCorp.ConsoleClient.csproj", "{2C15390E-1892-4F9B-B3EA-05753B031CCB}"
EndProject
Project("{FAE04EC0-301F-11D3-BF4B-00C04F79EFBC}") = "Geography.ConsoleClient", "Geography.ConsoleClient\Geography.ConsoleClient.csproj", "{0EC626B6-446D-4843-855D-C5DFD7B87904}"
EndProject
Global
	GlobalSection(SolutionConfigurationPlatforms) = preSolution
		Debug|Any CPU = Debug|Any CPU
		Release|Any CPU = Release|Any CPU
	EndGlobalSection
	GlobalSection(ProjectConfigurationPlatforms) = postSolution
		{F09B1335-CDB6-4138-AE1D-24F97AA5956E}.Debug|Any CPU.ActiveCfg = Debug|Any CPU
		{F09B1335-CDB6-4138-AE1D-24F97AA5956E}.Debug|Any CPU.Build.0 = Debug|Any CPU
		{F09B1335-CDB6-4138-AE1D-24F97AA5956E}.Release|Any CPU.ActiveCfg = Release|Any CPU
		{F09B1335-CDB6-4138-AE1D-24F97AA5956E}.Release|Any CPU.Build.0 = Release|Any CPU
		{577579C5-223B-4AD3-A0EB-BDEB1C39A226}.Debug|Any CPU.ActiveCfg = Debug|Any CPU
		{577579C5-223B-4AD3-A0EB-BDEB1C39A226}.Debug|Any CPU.Build.0 = Debug|Any CPU
		{577579C5-223B-4AD3-A0EB-BDEB1C39A226}.Release|Any CPU.ActiveCfg = Release|Any CPU
		{577579C5-223B-4AD3-A0EB-BDEB1C39A226}.Release|Any CPU.Build.0 = Release|Any CPU
		{809D5DE1-60F1-404D-8F23-909147576ECD}.Debug|Any CPU.ActiveCfg = Debug|Any CPU
		{809D5DE1-60F1-404D-8F23-909147576ECD}.Debug|Any CPU.Build.0 = Debug|Any CPU
		{809D5DE1-60F1-404D-8F23-909147576ECD}.Release|Any CPU.ActiveCfg = Release|Any CPU
		{809D5DE1-60F1-404D-8F23-909147576ECD}.Release|Any CPU.Build.0 = Release|Any CPU
		{921483BE-D8AC-4D82-942C-5ADE1B62EC2D}.Debug|Any CPU.ActiveCfg = Debug|Any CPU
		{921483BE-D8AC-4D82-942C-5ADE1B62EC2D}.Debug|Any CPU.Build.0 = Debug|Any CPU
		{921483BE-D8AC-4D82-942C-5ADE1B62EC2D}.Release|Any CPU.ActiveCfg = Release|Any CPU
		{921483BE-D8AC-4D82-942C-5ADE1B62EC2D}.Release|Any CPU.Build.0 = Release|Any CPU
		{2C15390E-1892-4F9B-B3EA-05753B031CCB}.Debug|Any CPU.ActiveCfg = Debug|Any CPU
		{2C15390E-1892-4F9B-B3EA-05753B031CCB}.Debug|Any CPU.Build.0 = Debug|Any CPU
		{2C15390E-1892-4F9B-B3EA-05753B031CCB}.Release|Any CPU.ActiveCfg = Release|Any CPU
		{2C15390E-1892-4F9B-B3EA-05753B031CCB}.Release|Any CPU.Build.0 = Release|Any CPU
		{0EC626B6-446D-4843-855D-C5DFD7B87904}.Debug|Any CPU.ActiveCfg = Debug|Any CPU
		{0EC626B6-446D-4843-855D-C5DFD7B87904}.Debug|Any CPU.Build.0 = Debug|Any CPU
		{0EC626B6-446D-4843-855D-C5DFD7B87904}.Release|Any CPU.ActiveCfg = Release|Any CPU
		{0EC626B6-446D-4843-855D-C5DFD7B87904}.Release|Any CPU.Build.0 = Release|Any CPU
	EndGlobalSection
	GlobalSection(SolutionProperties) = preSolution
		HideSolutionNode = FALSE
	EndGlobalSection
	GlobalSection(NestedProjects) = preSolution
		{F09B1335-CDB6-4138-AE1D-24F97AA5956E} = {C8FC6801-CC44-4ED9-94B9-571AABA534E7}
		{577579C5-223B-4AD3-A0EB-BDEB1C39A226} = {C8FC6801-CC44-4ED9-94B9-571AABA534E7}
		{809D5DE1-60F1-404D-8F23-909147576ECD} = {ED494E46-34D6-40FD-8914-04085789FD45}
		{921483BE-D8AC-4D82-942C-5ADE1B62EC2D} = {C8FC6801-CC44-4ED9-94B9-571AABA534E7}
		{8D5DED23-1EE9-4EA2-AE8B-03C88B3F1A2B} = {F0BC4B83-E2A6-4BDF-B258-9C5A317E8B29}
		{B4DEB8FF-6292-4AF2-AAC6-46E8638EBFF4} = {F0BC4B83-E2A6-4BDF-B258-9C5A317E8B29}
		{2C15390E-1892-4F9B-B3EA-05753B031CCB} = {8D5DED23-1EE9-4EA2-AE8B-03C88B3F1A2B}
		{0EC626B6-446D-4843-855D-C5DFD7B87904} = {8D5DED23-1EE9-4EA2-AE8B-03C88B3F1A2B}
	EndGlobalSection
	GlobalSection(ExtensibilityGlobals) = postSolution
		SolutionGuid = {DBCB559A-EC52-4B50-8CB0-DD37472CFA61}
	EndGlobalSection
EndGlobal
