
Microsoft Visual Studio Solution File, Format Version 12.00
# Visual Studio Version 16
VisualStudioVersion = 16.0.28606.126
MinimumVisualStudioVersion = 10.0.40219.1
Project("{9A19103F-16F7-4668-BE54-9A1E7A4F7556}") = "Chorap4e.ConsoleClient", "Chorap4e.ConsoleClient\Chorap4e.ConsoleClient.csproj", "{3CC5ACF2-732E-4B69-881A-8DB8C239B4D0}"
EndProject
Project("{2150E333-8FDC-42A3-9474-1A3956D46DE8}") = "Docs", "Docs", "{4AD944FF-B59E-454D-9AA3-39410F6DA734}"
	ProjectSection(SolutionItems) = preProject
		Instructions.txt = Instructions.txt
	EndProjectSection
EndProject
Project("{2150E333-8FDC-42A3-9474-1A3956D46DE8}") = "Test", "Test", "{B9F09183-A7F2-46B4-94B8-02BACAAE622C}"
EndProject
Project("{2150E333-8FDC-42A3-9474-1A3956D46DE8}") = "Src", "Src", "{763385B5-46A1-4B4C-A265-0DC829271897}"
EndProject
Project("{FAE04EC0-301F-11D3-BF4B-00C04F79EFBC}") = "Chorap4e.Domain", "Chorap4e.Domain\Chorap4e.Domain.csproj", "{A4A805D8-E099-4E1B-8AD5-E9084D295159}"
EndProject
Project("{FAE04EC0-301F-11D3-BF4B-00C04F79EFBC}") = "Chorap4e.DbContext", "Chorap4e.DbContext\Chorap4e.DbContext.csproj", "{9400ABC4-CE3A-40EA-AA6A-89928D1A1D78}"
EndProject
Project("{2150E333-8FDC-42A3-9474-1A3956D46DE8}") = "Presentation", "Presentation", "{278E190E-9DDE-42D4-B659-22E8C75774CB}"
EndProject
Project("{2150E333-8FDC-42A3-9474-1A3956D46DE8}") = "Data", "Data", "{64AFC05A-CA64-4B7B-8696-CBDCA34E518A}"
EndProject
Project("{2150E333-8FDC-42A3-9474-1A3956D46DE8}") = "Core", "Core", "{88E7ED73-8199-41E3-A4BA-24A2CD8EECDF}"
EndProject
Project("{2150E333-8FDC-42A3-9474-1A3956D46DE8}") = "Common", "Common", "{D98A9752-4C26-4D96-B67D-33CCA3A2C784}"
EndProject
Project("{FAE04EC0-301F-11D3-BF4B-00C04F79EFBC}") = "Chorap4e.Common", "Chorap4e.Common\Chorap4e.Common.csproj", "{27F9425A-539E-4E0F-9AD3-5C65B1804B3E}"
EndProject
Project("{9A19103F-16F7-4668-BE54-9A1E7A4F7556}") = "Chorap4e.ConsoleConsumer", "Chorap4e.ConsoleConsumer\Chorap4e.ConsoleConsumer.csproj", "{03C757E7-CF84-4332-B4D3-75D8AFC0F7CC}"
EndProject
Global
	GlobalSection(SolutionConfigurationPlatforms) = preSolution
		Debug|Any CPU = Debug|Any CPU
		Release|Any CPU = Release|Any CPU
	EndGlobalSection
	GlobalSection(ProjectConfigurationPlatforms) = postSolution
		{3CC5ACF2-732E-4B69-881A-8DB8C239B4D0}.Debug|Any CPU.ActiveCfg = Debug|Any CPU
		{3CC5ACF2-732E-4B69-881A-8DB8C239B4D0}.Debug|Any CPU.Build.0 = Debug|Any CPU
		{3CC5ACF2-732E-4B69-881A-8DB8C239B4D0}.Release|Any CPU.ActiveCfg = Release|Any CPU
		{3CC5ACF2-732E-4B69-881A-8DB8C239B4D0}.Release|Any CPU.Build.0 = Release|Any CPU
		{A4A805D8-E099-4E1B-8AD5-E9084D295159}.Debug|Any CPU.ActiveCfg = Debug|Any CPU
		{A4A805D8-E099-4E1B-8AD5-E9084D295159}.Debug|Any CPU.Build.0 = Debug|Any CPU
		{A4A805D8-E099-4E1B-8AD5-E9084D295159}.Release|Any CPU.ActiveCfg = Release|Any CPU
		{A4A805D8-E099-4E1B-8AD5-E9084D295159}.Release|Any CPU.Build.0 = Release|Any CPU
		{9400ABC4-CE3A-40EA-AA6A-89928D1A1D78}.Debug|Any CPU.ActiveCfg = Debug|Any CPU
		{9400ABC4-CE3A-40EA-AA6A-89928D1A1D78}.Debug|Any CPU.Build.0 = Debug|Any CPU
		{9400ABC4-CE3A-40EA-AA6A-89928D1A1D78}.Release|Any CPU.ActiveCfg = Release|Any CPU
		{9400ABC4-CE3A-40EA-AA6A-89928D1A1D78}.Release|Any CPU.Build.0 = Release|Any CPU
		{27F9425A-539E-4E0F-9AD3-5C65B1804B3E}.Debug|Any CPU.ActiveCfg = Debug|Any CPU
		{27F9425A-539E-4E0F-9AD3-5C65B1804B3E}.Debug|Any CPU.Build.0 = Debug|Any CPU
		{27F9425A-539E-4E0F-9AD3-5C65B1804B3E}.Release|Any CPU.ActiveCfg = Release|Any CPU
		{27F9425A-539E-4E0F-9AD3-5C65B1804B3E}.Release|Any CPU.Build.0 = Release|Any CPU
		{03C757E7-CF84-4332-B4D3-75D8AFC0F7CC}.Debug|Any CPU.ActiveCfg = Debug|Any CPU
		{03C757E7-CF84-4332-B4D3-75D8AFC0F7CC}.Debug|Any CPU.Build.0 = Debug|Any CPU
		{03C757E7-CF84-4332-B4D3-75D8AFC0F7CC}.Release|Any CPU.ActiveCfg = Release|Any CPU
		{03C757E7-CF84-4332-B4D3-75D8AFC0F7CC}.Release|Any CPU.Build.0 = Release|Any CPU
	EndGlobalSection
	GlobalSection(SolutionProperties) = preSolution
		HideSolutionNode = FALSE
	EndGlobalSection
	GlobalSection(NestedProjects) = preSolution
		{3CC5ACF2-732E-4B69-881A-8DB8C239B4D0} = {278E190E-9DDE-42D4-B659-22E8C75774CB}
		{A4A805D8-E099-4E1B-8AD5-E9084D295159} = {88E7ED73-8199-41E3-A4BA-24A2CD8EECDF}
		{9400ABC4-CE3A-40EA-AA6A-89928D1A1D78} = {64AFC05A-CA64-4B7B-8696-CBDCA34E518A}
		{278E190E-9DDE-42D4-B659-22E8C75774CB} = {763385B5-46A1-4B4C-A265-0DC829271897}
		{64AFC05A-CA64-4B7B-8696-CBDCA34E518A} = {763385B5-46A1-4B4C-A265-0DC829271897}
		{88E7ED73-8199-41E3-A4BA-24A2CD8EECDF} = {763385B5-46A1-4B4C-A265-0DC829271897}
		{D98A9752-4C26-4D96-B67D-33CCA3A2C784} = {763385B5-46A1-4B4C-A265-0DC829271897}
		{27F9425A-539E-4E0F-9AD3-5C65B1804B3E} = {D98A9752-4C26-4D96-B67D-33CCA3A2C784}
		{03C757E7-CF84-4332-B4D3-75D8AFC0F7CC} = {278E190E-9DDE-42D4-B659-22E8C75774CB}
	EndGlobalSection
	GlobalSection(ExtensibilityGlobals) = postSolution
		SolutionGuid = {22724CDA-9DB4-4FCD-87E1-8462971178E5}
	EndGlobalSection
EndGlobal
