
Microsoft Visual Studio Solution File, Format Version 12.00
# Visual Studio Version 16
VisualStudioVersion = 16.0.29519.161
MinimumVisualStudioVersion = 10.0.40219.1
Project("{9A19103F-16F7-4668-BE54-9A1E7A4F7556}") = "Utils", "Utils\Utils.csproj", "{3E563AB1-C614-422F-8300-AEE7B34D73D2}"
EndProject
Project("{9A19103F-16F7-4668-BE54-9A1E7A4F7556}") = "WeatherFinder.DB", "WeatherFinder.DB\WeatherFinder.DB.csproj", "{92CA98A5-F1F2-45C4-817F-2F041F138220}"
EndProject
Project("{9A19103F-16F7-4668-BE54-9A1E7A4F7556}") = "WatherFinder.ConsoleClient", "WatherFinder.ConsoleClient\WatherFinder.ConsoleClient.csproj", "{66B502B3-F671-48F2-9394-0ED6DBC4AF87}"
EndProject
Project("{9A19103F-16F7-4668-BE54-9A1E7A4F7556}") = "WeatherFinder.Models", "WeatherFinder.Models\WeatherFinder.Models.csproj", "{AE3361D5-40A9-4D55-A085-00BDDD272294}"
EndProject
Project("{9A19103F-16F7-4668-BE54-9A1E7A4F7556}") = "WeatherFinder.WebApp", "WeatherFinder.WebApp\WeatherFinder.WebApp.csproj", "{13D957FC-7F06-4ED4-9441-1772D6DEA71D}"
EndProject
Project("{FAE04EC0-301F-11D3-BF4B-00C04F79EFBC}") = "WeatherFinder.Services", "WeatherFinder.Services\WeatherFinder.Services.csproj", "{2E51232D-01DB-4B83-AB31-256971BF78E3}"
EndProject
Global
	GlobalSection(SolutionConfigurationPlatforms) = preSolution
		Debug|Any CPU = Debug|Any CPU
		Release|Any CPU = Release|Any CPU
	EndGlobalSection
	GlobalSection(ProjectConfigurationPlatforms) = postSolution
		{3E563AB1-C614-422F-8300-AEE7B34D73D2}.Debug|Any CPU.ActiveCfg = Debug|Any CPU
		{3E563AB1-C614-422F-8300-AEE7B34D73D2}.Debug|Any CPU.Build.0 = Debug|Any CPU
		{3E563AB1-C614-422F-8300-AEE7B34D73D2}.Release|Any CPU.ActiveCfg = Release|Any CPU
		{3E563AB1-C614-422F-8300-AEE7B34D73D2}.Release|Any CPU.Build.0 = Release|Any CPU
		{92CA98A5-F1F2-45C4-817F-2F041F138220}.Debug|Any CPU.ActiveCfg = Debug|Any CPU
		{92CA98A5-F1F2-45C4-817F-2F041F138220}.Debug|Any CPU.Build.0 = Debug|Any CPU
		{92CA98A5-F1F2-45C4-817F-2F041F138220}.Release|Any CPU.ActiveCfg = Release|Any CPU
		{92CA98A5-F1F2-45C4-817F-2F041F138220}.Release|Any CPU.Build.0 = Release|Any CPU
		{66B502B3-F671-48F2-9394-0ED6DBC4AF87}.Debug|Any CPU.ActiveCfg = Debug|Any CPU
		{66B502B3-F671-48F2-9394-0ED6DBC4AF87}.Debug|Any CPU.Build.0 = Debug|Any CPU
		{66B502B3-F671-48F2-9394-0ED6DBC4AF87}.Release|Any CPU.ActiveCfg = Release|Any CPU
		{66B502B3-F671-48F2-9394-0ED6DBC4AF87}.Release|Any CPU.Build.0 = Release|Any CPU
		{AE3361D5-40A9-4D55-A085-00BDDD272294}.Debug|Any CPU.ActiveCfg = Debug|Any CPU
		{AE3361D5-40A9-4D55-A085-00BDDD272294}.Debug|Any CPU.Build.0 = Debug|Any CPU
		{AE3361D5-40A9-4D55-A085-00BDDD272294}.Release|Any CPU.ActiveCfg = Release|Any CPU
		{AE3361D5-40A9-4D55-A085-00BDDD272294}.Release|Any CPU.Build.0 = Release|Any CPU
		{13D957FC-7F06-4ED4-9441-1772D6DEA71D}.Debug|Any CPU.ActiveCfg = Debug|Any CPU
		{13D957FC-7F06-4ED4-9441-1772D6DEA71D}.Debug|Any CPU.Build.0 = Debug|Any CPU
		{13D957FC-7F06-4ED4-9441-1772D6DEA71D}.Release|Any CPU.ActiveCfg = Release|Any CPU
		{13D957FC-7F06-4ED4-9441-1772D6DEA71D}.Release|Any CPU.Build.0 = Release|Any CPU
		{2E51232D-01DB-4B83-AB31-256971BF78E3}.Debug|Any CPU.ActiveCfg = Debug|Any CPU
		{2E51232D-01DB-4B83-AB31-256971BF78E3}.Debug|Any CPU.Build.0 = Debug|Any CPU
		{2E51232D-01DB-4B83-AB31-256971BF78E3}.Release|Any CPU.ActiveCfg = Release|Any CPU
		{2E51232D-01DB-4B83-AB31-256971BF78E3}.Release|Any CPU.Build.0 = Release|Any CPU
	EndGlobalSection
	GlobalSection(SolutionProperties) = preSolution
		HideSolutionNode = FALSE
	EndGlobalSection
	GlobalSection(ExtensibilityGlobals) = postSolution
		SolutionGuid = {7B6835C6-080E-4298-8DB5-3C46369CD930}
	EndGlobalSection
EndGlobal
