
Microsoft Visual Studio Solution File, Format Version 12.00
# Visual Studio 15
VisualStudioVersion = 15.0.27130.2020
MinimumVisualStudioVersion = 10.0.40219.1
Project("{FAE04EC0-301F-11D3-BF4B-00C04F79EFBC}") = "Geography.Db1st.Local", "Geography.Db1st.Local\Geography.Db1st.Local.csproj", "{E1138A5C-93E4-4AEA-B5BD-24EAA0E5CF16}"
EndProject
Project("{FAE04EC0-301F-11D3-BF4B-00C04F79EFBC}") = "TechCorp.Db1st.External", "TechCorp.Db1st.External\TechCorp.Db1st.External.csproj", "{83427B23-071B-4A40-ADE3-BA177388A7D0}"
EndProject
Global
	GlobalSection(SolutionConfigurationPlatforms) = preSolution
		Debug|Any CPU = Debug|Any CPU
		Release|Any CPU = Release|Any CPU
	EndGlobalSection
	GlobalSection(ProjectConfigurationPlatforms) = postSolution
		{E1138A5C-93E4-4AEA-B5BD-24EAA0E5CF16}.Debug|Any CPU.ActiveCfg = Debug|Any CPU
		{E1138A5C-93E4-4AEA-B5BD-24EAA0E5CF16}.Debug|Any CPU.Build.0 = Debug|Any CPU
		{E1138A5C-93E4-4AEA-B5BD-24EAA0E5CF16}.Release|Any CPU.ActiveCfg = Release|Any CPU
		{E1138A5C-93E4-4AEA-B5BD-24EAA0E5CF16}.Release|Any CPU.Build.0 = Release|Any CPU
		{83427B23-071B-4A40-ADE3-BA177388A7D0}.Debug|Any CPU.ActiveCfg = Debug|Any CPU
		{83427B23-071B-4A40-ADE3-BA177388A7D0}.Debug|Any CPU.Build.0 = Debug|Any CPU
		{83427B23-071B-4A40-ADE3-BA177388A7D0}.Release|Any CPU.ActiveCfg = Release|Any CPU
		{83427B23-071B-4A40-ADE3-BA177388A7D0}.Release|Any CPU.Build.0 = Release|Any CPU
	EndGlobalSection
	GlobalSection(SolutionProperties) = preSolution
		HideSolutionNode = FALSE
	EndGlobalSection
	GlobalSection(ExtensibilityGlobals) = postSolution
		SolutionGuid = {0EC9FFF9-0C44-4E6E-9374-9527333AEAFC}
	EndGlobalSection
EndGlobal
